Microsoft Visual Studio Solution File, Format Version 7.00
Project("{8BC9CEB8-8B4A-11D0-8D11-00A0C91BC942}") = "tcc", "tcc.vcproj", "{D856F1B9-FE7D-4A2A-882C-B92D104DC4B1}"
EndProject
Global
	GlobalSection(SolutionConfiguration) = preSolution
		ConfigName.0 = Debug
		ConfigName.1 = Release
	EndGlobalSection
	GlobalSection(ProjectDependencies) = postSolution
	EndGlobalSection
	GlobalSection(ProjectConfiguration) = postSolution
		{D856F1B9-FE7D-4A2A-882C-B92D104DC4B1}.Debug.ActiveCfg = Debug|Win32
		{D856F1B9-FE7D-4A2A-882C-B92D104DC4B1}.Debug.Build.0 = Debug|Win32
		{D856F1B9-FE7D-4A2A-882C-B92D104DC4B1}.Release.ActiveCfg = Release|Win32
		{D856F1B9-FE7D-4A2A-882C-B92D104DC4B1}.Release.Build.0 = Release|Win32
	EndGlobalSection
	GlobalSection(ExtensibilityGlobals) = postSolution
	EndGlobalSection
	GlobalSection(ExtensibilityAddIns) = postSolution
	EndGlobalSection
EndGlobal
